
Microsoft Visual Studio Solution File, Format Version 12.00
# Visual Studio Version 17
VisualStudioVersion = 17.9.34728.123
MinimumVisualStudioVersion = 10.0.40219.1
Project("{FAE04EC0-301F-11D3-BF4B-00C04F79EFBC}") = "E-COMWeb", "E-COMWeb\E-COMWeb.csproj", "{8D03DE7A-8AF7-496F-81BF-FC3864E41D45}"
EndProject
Project("{FAE04EC0-301F-11D3-BF4B-00C04F79EFBC}") = "E-COM.DataAccess", "E-COM.DataAccess\E-COM.DataAccess.csproj", "{EBEC72EA-FFB9-4FF5-AB70-DEA51E59D466}"
EndProject
Project("{FAE04EC0-301F-11D3-BF4B-00C04F79EFBC}") = "E-COM.Models", "E-COM.Models\E-COM.Models.csproj", "{44D45688-75B0-4593-815B-E87E801EFEBD}"
EndProject
Global
	GlobalSection(SolutionConfigurationPlatforms) = preSolution
		Debug|Any CPU = Debug|Any CPU
		Release|Any CPU = Release|Any CPU
	EndGlobalSection
	GlobalSection(ProjectConfigurationPlatforms) = postSolution
		{8D03DE7A-8AF7-496F-81BF-FC3864E41D45}.Debug|Any CPU.ActiveCfg = Debug|Any CPU
		{8D03DE7A-8AF7-496F-81BF-FC3864E41D45}.Debug|Any CPU.Build.0 = Debug|Any CPU
		{8D03DE7A-8AF7-496F-81BF-FC3864E41D45}.Release|Any CPU.ActiveCfg = Release|Any CPU
		{8D03DE7A-8AF7-496F-81BF-FC3864E41D45}.Release|Any CPU.Build.0 = Release|Any CPU
		{EBEC72EA-FFB9-4FF5-AB70-DEA51E59D466}.Debug|Any CPU.ActiveCfg = Debug|Any CPU
		{EBEC72EA-FFB9-4FF5-AB70-DEA51E59D466}.Debug|Any CPU.Build.0 = Debug|Any CPU
		{EBEC72EA-FFB9-4FF5-AB70-DEA51E59D466}.Release|Any CPU.ActiveCfg = Release|Any CPU
		{EBEC72EA-FFB9-4FF5-AB70-DEA51E59D466}.Release|Any CPU.Build.0 = Release|Any CPU
		{44D45688-75B0-4593-815B-E87E801EFEBD}.Debug|Any CPU.ActiveCfg = Debug|Any CPU
		{44D45688-75B0-4593-815B-E87E801EFEBD}.Debug|Any CPU.Build.0 = Debug|Any CPU
		{44D45688-75B0-4593-815B-E87E801EFEBD}.Release|Any CPU.ActiveCfg = Release|Any CPU
		{44D45688-75B0-4593-815B-E87E801EFEBD}.Release|Any CPU.Build.0 = Release|Any CPU
	EndGlobalSection
	GlobalSection(SolutionProperties) = preSolution
		HideSolutionNode = FALSE
	EndGlobalSection
	GlobalSection(ExtensibilityGlobals) = postSolution
		SolutionGuid = {507C34DE-A246-4126-891C-21ABF698E2FA}
	EndGlobalSection
EndGlobal
